# Code generated by scarb DO NOT EDIT.
version = 1

[[package]]
name = "cairo_civ"
version = "0.1.0"
dependencies = [
 "snforge_std",
]

[[package]]
name = "snforge_scarb_plugin"
version = "0.56.0"
source = "git+https://github.com/foundry-rs/starknet-foundry?tag=v0.56.0#f530c15269018e08a458d807ba2da2ea2a2b60e6"

[[package]]
name = "snforge_std"
version = "0.56.0"
source = "git+https://github.com/foundry-rs/starknet-foundry?tag=v0.56.0#f530c15269018e08a458d807ba2da2ea2a2b60e6"
dependencies = [
 "snforge_scarb_plugin",
]
